
Microsoft Visual Studio Solution File, Format Version 12.00
# Visual Studio Version 16
VisualStudioVersion = 16.0.31025.194
MinimumVisualStudioVersion = 10.0.40219.1
Project("{FAE04EC0-301F-11D3-BF4B-00C04F79EFBC}") = "FieldServiceOrganizer.Server", "Server\FieldServiceOrganizer.Server.csproj", "{A10D0E37-66D0-41DA-8B27-8F5E05369B12}"
EndProject
Project("{FAE04EC0-301F-11D3-BF4B-00C04F79EFBC}") = "FieldServiceOrganizer.Client", "Client\FieldServiceOrganizer.Client.csproj", "{49F99798-99D9-4E57-BC64-42BFEFF13005}"
EndProject
Project("{FAE04EC0-301F-11D3-BF4B-00C04F79EFBC}") = "FieldServiceOrganizer.Shared", "Shared\FieldServiceOrganizer.Shared.csproj", "{CFDBDF4D-313F-4E82-8EDE-E022306A4CF7}"
EndProject
Global
	GlobalSection(SolutionConfigurationPlatforms) = preSolution
		Debug|Any CPU = Debug|Any CPU
		Release|Any CPU = Release|Any CPU
	EndGlobalSection
	GlobalSection(ProjectConfigurationPlatforms) = postSolution
		{A10D0E37-66D0-41DA-8B27-8F5E05369B12}.Debug|Any CPU.ActiveCfg = Debug|Any CPU
		{A10D0E37-66D0-41DA-8B27-8F5E05369B12}.Debug|Any CPU.Build.0 = Debug|Any CPU
		{A10D0E37-66D0-41DA-8B27-8F5E05369B12}.Release|Any CPU.ActiveCfg = Release|Any CPU
		{A10D0E37-66D0-41DA-8B27-8F5E05369B12}.Release|Any CPU.Build.0 = Release|Any CPU
		{49F99798-99D9-4E57-BC64-42BFEFF13005}.Debug|Any CPU.ActiveCfg = Debug|Any CPU
		{49F99798-99D9-4E57-BC64-42BFEFF13005}.Debug|Any CPU.Build.0 = Debug|Any CPU
		{49F99798-99D9-4E57-BC64-42BFEFF13005}.Release|Any CPU.ActiveCfg = Release|Any CPU
		{49F99798-99D9-4E57-BC64-42BFEFF13005}.Release|Any CPU.Build.0 = Release|Any CPU
		{CFDBDF4D-313F-4E82-8EDE-E022306A4CF7}.Debug|Any CPU.ActiveCfg = Debug|Any CPU
		{CFDBDF4D-313F-4E82-8EDE-E022306A4CF7}.Debug|Any CPU.Build.0 = Debug|Any CPU
		{CFDBDF4D-313F-4E82-8EDE-E022306A4CF7}.Release|Any CPU.ActiveCfg = Release|Any CPU
		{CFDBDF4D-313F-4E82-8EDE-E022306A4CF7}.Release|Any CPU.Build.0 = Release|Any CPU
	EndGlobalSection
	GlobalSection(SolutionProperties) = preSolution
		HideSolutionNode = FALSE
	EndGlobalSection
	GlobalSection(ExtensibilityGlobals) = postSolution
		SolutionGuid = {5FF94986-56EB-4ADD-A4E6-08DC424D91BA}
	EndGlobalSection
EndGlobal
